// !$*UTF8*$!
{
	archiveVersion = 1;
	classes = {
	};
	objectVersion = 56;
	objects = {

/* Begin PBXBuildFile section */
		D481F9BF2B65029100E93ACC /* MainViewApp.swift in Sources */ = {isa = PBXBuildFile; fileRef = D481F9BE2B65029100E93ACC /* MainViewApp.swift */; };
		D481F9C12B65029100E93ACC /* ContentView.swift in Sources */ = {isa = PBXBuildFile; fileRef = D481F9C02B65029100E93ACC /* ContentView.swift */; };
		D481F9C32B65029300E93ACC /* Assets.xcassets in Resources */ = {isa = PBXBuildFile; fileRef = D481F9C22B65029300E93ACC /* Assets.xcassets */; };
		D481F9C62B65029300E93ACC /* Preview Assets.xcassets in Resources */ = {isa = PBXBuildFile; fileRef = D481F9C52B65029300E93ACC /* Preview Assets.xcassets */; };
		D481F9D02B65029300E93ACC /* MainViewTests.swift in Sources */ = {isa = PBXBuildFile; fileRef = D481F9CF2B65029300E93ACC /* MainViewTests.swift */; };
		D481F9DA2B65029300E93ACC /* MainViewUITests.swift in Sources */ = {isa = PBXBuildFile; fileRef = D481F9D92B65029300E93ACC /* MainViewUITests.swift */; };
		D481F9DC2B65029300E93ACC /* MainViewUITestsLaunchTests.swift in Sources */ = {isa = PBXBuildFile; fileRef = D481F9DB2B65029300E93ACC /* MainViewUITestsLaunchTests.swift */; };
		D481F9EB2B6503AE00E93ACC /* MainView.swift in Sources */ = {isa = PBXBuildFile; fileRef = D481F9EA2B6503AE00E93ACC /* MainView.swift */; };
/* End PBXBuildFile section */

/* Begin PBXContainerItemProxy section */
		D481F9CC2B65029300E93ACC /* PBXContainerItemProxy */ = {
			isa = PBXContainerItemProxy;
			containerPortal = D481F9B32B65029100E93ACC /* Project object */;
			proxyType = 1;
			remoteGlobalIDString = D481F9BA2B65029100E93ACC;
			remoteInfo = MainView;
		};
		D481F9D62B65029300E93ACC /* PBXContainerItemProxy */ = {
			isa = PBXContainerItemProxy;
			containerPortal = D481F9B32B65029100E93ACC /* Project object */;
			proxyType = 1;
			remoteGlobalIDString = D481F9BA2B65029100E93ACC;
			remoteInfo = MainView;
		};
/* End PBXContainerItemProxy section */

/* Begin PBXFileReference section */
		D481F9BB2B65029100E93ACC /* MainView.app */ = {isa = PBXFileReference; explicitFileType = wrapper.application; includeInIndex = 0; path = MainView.app; sourceTree = BUILT_PRODUCTS_DIR; };
		D481F9BE2B65029100E93ACC /* MainViewApp.swift */ = {isa = PBXFileReference; lastKnownFileType = sourcecode.swift; path = MainViewApp.swift; sourceTree = "<group>"; };
		D481F9C02B65029100E93ACC /* ContentView.swift */ = {isa = PBXFileReference; lastKnownFileType = sourcecode.swift; path = ContentView.swift; sourceTree = "<group>"; };
		D481F9C22B65029300E93ACC /* Assets.xcassets */ = {isa = PBXFileReference; lastKnownFileType = folder.assetcatalog; path = Assets.xcassets; sourceTree = "<group>"; };
		D481F9C52B65029300E93ACC /* Preview Assets.xcassets */ = {isa = PBXFileReference; lastKnownFileType = folder.assetcatalog; path = "Preview Assets.xcassets"; sourceTree = "<group>"; };
		D481F9CB2B65029300E93ACC /* MainViewTests.xctest */ = {isa = PBXFileReference; explicitFileType = wrapper.cfbundle; includeInIndex = 0; path = MainViewTests.xctest; sourceTree = BUILT_PRODUCTS_DIR; };
		D481F9CF2B65029300E93ACC /* MainViewTests.swift */ = {isa = PBXFileReference; lastKnownFileType = sourcecode.swift; path = MainViewTests.swift; sourceTree = "<group>"; };
		D481F9D52B65029300E93ACC /* MainViewUITests.xctest */ = {isa = PBXFileReference; explicitFileType = wrapper.cfbundle; includeInIndex = 0; path = MainViewUITests.xctest; sourceTree = BUILT_PRODUCTS_DIR; };
		D481F9D92B65029300E93ACC /* MainViewUITests.swift */ = {isa = PBXFileReference; lastKnownFileType = sourcecode.swift; path = MainViewUITests.swift; sourceTree = "<group>"; };
		D481F9DB2B65029300E93ACC /* MainViewUITestsLaunchTests.swift */ = {isa = PBXFileReference; lastKnownFileType = sourcecode.swift; path = MainViewUITestsLaunchTests.swift; sourceTree = "<group>"; };
		D481F9EA2B6503AE00E93ACC /* MainView.swift */ = {isa = PBXFileReference; lastKnownFileType = sourcecode.swift; path = MainView.swift; sourceTree = "<group>"; };
/* End PBXFileReference section */

/* Begin PBXFrameworksBuildPhase section */
		D481F9B82B65029100E93ACC /* Frameworks */ = {
			isa = PBXFrameworksBuildPhase;
			buildActionMask = 2147483647;
			files = (
			);
			runOnlyForDeploymentPostprocessing = 0;
		};
		D481F9C82B65029300E93ACC /* Frameworks */ = {
			isa = PBXFrameworksBuildPhase;
			buildActionMask = 2147483647;
			files = (
			);
			runOnlyForDeploymentPostprocessing = 0;
		};
		D481F9D22B65029300E93ACC /* Frameworks */ = {
			isa = PBXFrameworksBuildPhase;
			buildActionMask = 2147483647;
			files = (
			);
			runOnlyForDeploymentPostprocessing = 0;
		};
/* End PBXFrameworksBuildPhase section */

/* Begin PBXGroup section */
		D481F9B22B65029100E93ACC = {
			isa = PBXGroup;
			children = (
				D481F9BD2B65029100E93ACC /* MainView */,
				D481F9CE2B65029300E93ACC /* MainViewTests */,
				D481F9D82B65029300E93ACC /* MainViewUITests */,
				D481F9BC2B65029100E93ACC /* Products */,
			);
			sourceTree = "<group>";
		};
		D481F9BC2B65029100E93ACC /* Products */ = {
			isa = PBXGroup;
			children = (
				D481F9BB2B65029100E93ACC /* MainView.app */,
				D481F9CB2B65029300E93ACC /* MainViewTests.xctest */,
				D481F9D52B65029300E93ACC /* MainViewUITests.xctest */,
			);
			name = Products;
			sourceTree = "<group>";
		};
		D481F9BD2B65029100E93ACC /* MainView */ = {
			isa = PBXGroup;
			children = (
				D481F9BE2B65029100E93ACC /* MainViewApp.swift */,
				D481F9C02B65029100E93ACC /* ContentView.swift */,
				D481F9EA2B6503AE00E93ACC /* MainView.swift */,
				D481F9C22B65029300E93ACC /* Assets.xcassets */,
				D481F9C42B65029300E93ACC /* Preview Content */,
			);
			path = MainView;
			sourceTree = "<group>";
		};
		D481F9C42B65029300E93ACC /* Preview Content */ = {
			isa = PBXGroup;
			children = (
				D481F9C52B65029300E93ACC /* Preview Assets.xcassets */,
			);
			path = "Preview Content";
			sourceTree = "<group>";
		};
		D481F9CE2B65029300E93ACC /* MainViewTests */ = {
			isa = PBXGroup;
			children = (
				D481F9CF2B65029300E93ACC /* MainViewTests.swift */,
			);
			path = MainViewTests;
			sourceTree = "<group>";
		};
		D481F9D82B65029300E93ACC /* MainViewUITests */ = {
			isa = PBXGroup;
			children = (
				D481F9D92B65029300E93ACC /* MainViewUITests.swift */,
				D481F9DB2B65029300E93ACC /* MainViewUITestsLaunchTests.swift */,
			);
			path = MainViewUITests;
			sourceTree = "<group>";
		};
/* End PBXGroup section */

/* Begin PBXNativeTarget section */
		D481F9BA2B65029100E93ACC /* MainView */ = {
			isa = PBXNativeTarget;
			buildConfigurationList = D481F9DF2B65029300E93ACC /* Build configuration list for PBXNativeTarget "MainView" */;
			buildPhases = (
				D481F9B72B65029100E93ACC /* Sources */,
				D481F9B82B65029100E93ACC /* Frameworks */,
				D481F9B92B65029100E93ACC /* Resources */,
			);
			buildRules = (
			);
			dependencies = (
			);
			name = MainView;
			productName = MainView;
			productReference = D481F9BB2B65029100E93ACC /* MainView.app */;
			productType = "com.apple.product-type.application";
		};
		D481F9CA2B65029300E93ACC /* MainViewTests */ = {
			isa = PBXNativeTarget;
			buildConfigurationList = D481F9E22B65029300E93ACC /* Build configuration list for PBXNativeTarget "MainViewTests" */;
			buildPhases = (
				D481F9C72B65029300E93ACC /* Sources */,
				D481F9C82B65029300E93ACC /* Frameworks */,
				D481F9C92B65029300E93ACC /* Resources */,
			);
			buildRules = (
			);
			dependencies = (
				D481F9CD2B65029300E93ACC /* PBXTargetDependency */,
			);
			name = MainViewTests;
			productName = MainViewTests;
			productReference = D481F9CB2B65029300E93ACC /* MainViewTests.xctest */;
			productType = "com.apple.product-type.bundle.unit-test";
		};
		D481F9D42B65029300E93ACC /* MainViewUITests */ = {
			isa = PBXNativeTarget;
			buildConfigurationList = D481F9E52B65029300E93ACC /* Build configuration list for PBXNativeTarget "MainViewUITests" */;
			buildPhases = (
				D481F9D12B65029300E93ACC /* Sources */,
				D481F9D22B65029300E93ACC /* Frameworks */,
				D481F9D32B65029300E93ACC /* Resources */,
			);
			buildRules = (
			);
			dependencies = (
				D481F9D72B65029300E93ACC /* PBXTargetDependency */,
			);
			name = MainViewUITests;
			productName = MainViewUITests;
			productReference = D481F9D52B65029300E93ACC /* MainViewUITests.xctest */;
			productType = "com.apple.product-type.bundle.ui-testing";
		};
/* End PBXNativeTarget section */

/* Begin PBXProject section */
		D481F9B32B65029100E93ACC /* Project object */ = {
			isa = PBXProject;
			attributes = {
				BuildIndependentTargetsInParallel = 1;
				LastSwiftUpdateCheck = 1520;
				LastUpgradeCheck = 1520;
				TargetAttributes = {
					D481F9BA2B65029100E93ACC = {
						CreatedOnToolsVersion = 15.2;
					};
					D481F9CA2B65029300E93ACC = {
						CreatedOnToolsVersion = 15.2;
						TestTargetID = D481F9BA2B65029100E93ACC;
					};
					D481F9D42B65029300E93ACC = {
						CreatedOnToolsVersion = 15.2;
						TestTargetID = D481F9BA2B65029100E93ACC;
					};
				};
			};
			buildConfigurationList = D481F9B62B65029100E93ACC /* Build configuration list for PBXProject "MainView" */;
			compatibilityVersion = "Xcode 14.0";
			developmentRegion = en;
			hasScannedForEncodings = 0;
			knownRegions = (
				en,
				Base,
			);
			mainGroup = D481F9B22B65029100E93ACC;
			productRefGroup = D481F9BC2B65029100E93ACC /* Products */;
			projectDirPath = "";
			projectRoot = "";
			targets = (
				D481F9BA2B65029100E93ACC /* MainView */,
				D481F9CA2B65029300E93ACC /* MainViewTests */,
				D481F9D42B65029300E93ACC /* MainViewUITests */,
			);
		};
/* End PBXProject section */

/* Begin PBXResourcesBuildPhase section */
		D481F9B92B65029100E93ACC /* Resources */ = {
			isa = PBXResourcesBuildPhase;
			buildActionMask = 2147483647;
			files = (
				D481F9C62B65029300E93ACC /* Preview Assets.xcassets in Resources */,
				D481F9C32B65029300E93ACC /* Assets.xcassets in Resources */,
			);
			runOnlyForDeploymentPostprocessing = 0;
		};
		D481F9C92B65029300E93ACC /* Resources */ = {
			isa = PBXResourcesBuildPhase;
			buildActionMask = 2147483647;
			files = (
			);
			runOnlyForDeploymentPostprocessing = 0;
		};
		D481F9D32B65029300E93ACC /* Resources */ = {
			isa = PBXResourcesBuildPhase;
			buildActionMask = 2147483647;
			files = (
			);
			runOnlyForDeploymentPostprocessing = 0;
		};
/* End PBXResourcesBuildPhase section */

/* Begin PBXSourcesBuildPhase section */
		D481F9B72B65029100E93ACC /* Sources */ = {
			isa = PBXSourcesBuildPhase;
			buildActionMask = 2147483647;
			files = (
				D481F9C12B65029100E93ACC /* ContentView.swift in Sources */,
				D481F9EB2B6503AE00E93ACC /* MainView.swift in Sources */,
				D481F9BF2B65029100E93ACC /* MainViewApp.swift in Sources */,
			);
			runOnlyForDeploymentPostprocessing = 0;
		};
		D481F9C72B65029300E93ACC /* Sources */ = {
			isa = PBXSourcesBuildPhase;
			buildActionMask = 2147483647;
			files = (
				D481F9D02B65029300E93ACC /* MainViewTests.swift in Sources */,
			);
			runOnlyForDeploymentPostprocessing = 0;
		};
		D481F9D12B65029300E93ACC /* Sources */ = {
			isa = PBXSourcesBuildPhase;
			buildActionMask = 2147483647;
			files = (
				D481F9DC2B65029300E93ACC /* MainViewUITestsLaunchTests.swift in Sources */,
				D481F9DA2B65029300E93ACC /* MainViewUITests.swift in Sources */,
			);
			runOnlyForDeploymentPostprocessing = 0;
		};
/* End PBXSourcesBuildPhase section */

/* Begin PBXTargetDependency section */
		D481F9CD2B65029300E93ACC /* PBXTargetDependency */ = {
			isa = PBXTargetDependency;
			target = D481F9BA2B65029100E93ACC /* MainView */;
			targetProxy = D481F9CC2B65029300E93ACC /* PBXContainerItemProxy */;
		};
		D481F9D72B65029300E93ACC /* PBXTargetDependency */ = {
			isa = PBXTargetDependency;
			target = D481F9BA2B65029100E93ACC /* MainView */;
			targetProxy = D481F9D62B65029300E93ACC /* PBXContainerItemProxy */;
		};
/* End PBXTargetDependency section */

/* Begin XCBuildConfiguration section */
		D481F9DD2B65029300E93ACC /* Debug */ = {
			isa = XCBuildConfiguration;
			buildSettings = {
				ALWAYS_SEARCH_USER_PATHS = NO;
				ASSETCATALOG_COMPILER_GENERATE_SWIFT_ASSET_SYMBOL_EXTENSIONS = YES;
				CLANG_ANALYZER_NONNULL = YES;
				CLANG_ANALYZER_NUMBER_OBJECT_CONVERSION = YES_AGGRESSIVE;
				CLANG_CXX_LANGUAGE_STANDARD = "gnu++20";
				CLANG_ENABLE_MODULES = YES;
				CLANG_ENABLE_OBJC_ARC = YES;
				CLANG_ENABLE_OBJC_WEAK = YES;
				CLANG_WARN_BLOCK_CAPTURE_AUTORELEASING = YES;
				CLANG_WARN_BOOL_CONVERSION = YES;
				CLANG_WARN_COMMA = YES;
				CLANG_WARN_CONSTANT_CONVERSION = YES;
				CLANG_WARN_DEPRECATED_OBJC_IMPLEMENTATIONS = YES;
				CLANG_WARN_DIRECT_OBJC_ISA_USAGE = YES_ERROR;
				CLANG_WARN_DOCUMENTATION_COMMENTS = YES;
				CLANG_WARN_EMPTY_BODY = YES;
				CLANG_WARN_ENUM_CONVERSION = YES;
				CLANG_WARN_INFINITE_RECURSION = YES;
				CLANG_WARN_INT_CONVERSION = YES;
				CLANG_WARN_NON_LITERAL_NULL_CONVERSION = YES;
				CLANG_WARN_OBJC_IMPLICIT_RETAIN_SELF = YES;
				CLANG_WARN_OBJC_LITERAL_CONVERSION = YES;
				CLANG_WARN_OBJC_ROOT_CLASS = YES_ERROR;
				CLANG_WARN_QUOTED_INCLUDE_IN_FRAMEWORK_HEADER = YES;
				CLANG_WARN_RANGE_LOOP_ANALYSIS = YES;
				CLANG_WARN_STRICT_PROTOTYPES = YES;
				CLANG_WARN_SUSPICIOUS_MOVE = YES;
				CLANG_WARN_UNGUARDED_AVAILABILITY = YES_AGGRESSIVE;
				CLANG_WARN_UNREACHABLE_CODE = YES;
				CLANG_WARN__DUPLICATE_METHOD_MATCH = YES;
				COPY_PHASE_STRIP = NO;
				DEBUG_INFORMATION_FORMAT = dwarf;
				ENABLE_STRICT_OBJC_MSGSEND = YES;
				ENABLE_TESTABILITY = YES;
				ENABLE_USER_SCRIPT_SANDBOXING = YES;
				GCC_C_LANGUAGE_STANDARD = gnu17;
				GCC_DYNAMIC_NO_PIC = NO;
				GCC_NO_COMMON_BLOCKS = YES;
				GCC_OPTIMIZATION_LEVEL = 0;
				GCC_PREPROCESSOR_DEFINITIONS = (
					"DEBUG=1",
					"$(inherited)",
				);
				GCC_WARN_64_TO_32_BIT_CONVERSION = YES;
				GCC_WARN_ABOUT_RETURN_TYPE = YES_ERROR;
				GCC_WARN_UNDECLARED_SELECTOR = YES;
				GCC_WARN_UNINITIALIZED_AUTOS = YES_AGGRESSIVE;
				GCC_WARN_UNUSED_FUNCTION = YES;
				GCC_WARN_UNUSED_VARIABLE = YES;
				IPHONEOS_DEPLOYMENT_TARGET = 17.2;
				LOCALIZATION_PREFERS_STRING_CATALOGS = YES;
				MTL_ENABLE_DEBUG_INFO = INCLUDE_SOURCE;
				MTL_FAST_MATH = YES;
				ONLY_ACTIVE_ARCH = YES;
				SDKROOT = iphoneos;
				SWIFT_ACTIVE_COMPILATION_CONDITIONS = "DEBUG $(inherited)";
				SWIFT_OPTIMIZATION_LEVEL = "-Onone";
			};
			name = Debug;
		};
		D481F9DE2B65029300E93ACC /* Release */ = {
			isa = XCBuildConfiguration;
			buildSettings = {
				ALWAYS_SEARCH_USER_PATHS = NO;
				ASSETCATALOG_COMPILER_GENERATE_SWIFT_ASSET_SYMBOL_EXTENSIONS = YES;
				CLANG_ANALYZER_NONNULL = YES;
				CLANG_ANALYZER_NUMBER_OBJECT_CONVERSION = YES_AGGRESSIVE;
				CLANG_CXX_LANGUAGE_STANDARD = "gnu++20";
				CLANG_ENABLE_MODULES = YES;
				CLANG_ENABLE_OBJC_ARC = YES;
				CLANG_ENABLE_OBJC_WEAK = YES;
				CLANG_WARN_BLOCK_CAPTURE_AUTORELEASING = YES;
				CLANG_WARN_BOOL_CONVERSION = YES;
				CLANG_WARN_COMMA = YES;
				CLANG_WARN_CONSTANT_CONVERSION = YES;
				CLANG_WARN_DEPRECATED_OBJC_IMPLEMENTATIONS = YES;
				CLANG_WARN_DIRECT_OBJC_ISA_USAGE = YES_ERROR;
				CLANG_WARN_DOCUMENTATION_COMMENTS = YES;
				CLANG_WARN_EMPTY_BODY = YES;
				CLANG_WARN_ENUM_CONVERSION = YES;
				CLANG_WARN_INFINITE_RECURSION = YES;
				CLANG_WARN_INT_CONVERSION = YES;
				CLANG_WARN_NON_LITERAL_NULL_CONVERSION = YES;
				CLANG_WARN_OBJC_IMPLICIT_RETAIN_SELF = YES;
				CLANG_WARN_OBJC_LITERAL_CONVERSION = YES;
				CLANG_WARN_OBJC_ROOT_CLASS = YES_ERROR;
				CLANG_WARN_QUOTED_INCLUDE_IN_FRAMEWORK_HEADER = YES;
				CLANG_WARN_RANGE_LOOP_ANALYSIS = YES;
				CLANG_WARN_STRICT_PROTOTYPES = YES;
				CLANG_WARN_SUSPICIOUS_MOVE = YES;
				CLANG_WARN_UNGUARDED_AVAILABILITY = YES_AGGRESSIVE;
				CLANG_WARN_UNREACHABLE_CODE = YES;
				CLANG_WARN__DUPLICATE_METHOD_MATCH = YES;
				COPY_PHASE_STRIP = NO;
				DEBUG_INFORMATION_FORMAT = "dwarf-with-dsym";
				ENABLE_NS_ASSERTIONS = NO;
				ENABLE_STRICT_OBJC_MSGSEND = YES;
				ENABLE_USER_SCRIPT_SANDBOXING = YES;
				GCC_C_LANGUAGE_STANDARD = gnu17;
				GCC_NO_COMMON_BLOCKS = YES;
				GCC_WARN_64_TO_32_BIT_CONVERSION = YES;
				GCC_WARN_ABOUT_RETURN_TYPE = YES_ERROR;
				GCC_WARN_UNDECLARED_SELECTOR = YES;
				GCC_WARN_UNINITIALIZED_AUTOS = YES_AGGRESSIVE;
				GCC_WARN_UNUSED_FUNCTION = YES;
				GCC_WARN_UNUSED_VARIABLE = YES;
				IPHONEOS_DEPLOYMENT_TARGET = 17.2;
				LOCALIZATION_PREFERS_STRING_CATALOGS = YES;
				MTL_ENABLE_DEBUG_INFO = NO;
				MTL_FAST_MATH = YES;
				SDKROOT = iphoneos;
				SWIFT_COMPILATION_MODE = wholemodule;
				VALIDATE_PRODUCT = YES;
			};
			name = Release;
		};
		D481F9E02B65029300E93ACC /* Debug */ = {
			isa = XCBuildConfiguration;
			buildSettings = {
				ASSETCATALOG_COMPILER_APPICON_NAME = AppIcon;
				ASSETCATALOG_COMPILER_GLOBAL_ACCENT_COLOR_NAME = AccentColor;
				CODE_SIGN_STYLE = Automatic;
				CURRENT_PROJECT_VERSION = 1;
				DEVELOPMENT_ASSET_PATHS = "\"MainView/Preview Content\"";
				DEVELOPMENT_TEAM = LPY59J6YN4;
				ENABLE_PREVIEWS = YES;
				GENERATE_INFOPLIST_FILE = YES;
				INFOPLIST_KEY_UIApplicationSceneManifest_Generation = YES;
				INFOPLIST_KEY_UIApplicationSupportsIndirectInputEvents = YES;
				INFOPLIST_KEY_UILaunchScreen_Generation = YES;
				INFOPLIST_KEY_UISupportedInterfaceOrientations_iPad = "UIInterfaceOrientationPortrait UIInterfaceOrientationPortraitUpsideDown UIInterfaceOrientationLandscapeLeft UIInterfaceOrientationLandscapeRight";
				INFOPLIST_KEY_UISupportedInterfaceOrientations_iPhone = "UIInterfaceOrientationPortrait UIInterfaceOrientationLandscapeLeft UIInterfaceOrientationLandscapeRight";
				LD_RUNPATH_SEARCH_PATHS = (
					"$(inherited)",
					"@executable_path/Frameworks",
				);
				MARKETING_VERSION = 1.0;
				PRODUCT_BUNDLE_IDENTIFIER = eyh.com.TaskManagerAppTest.MainView;
				PRODUCT_NAME = "$(TARGET_NAME)";
				SWIFT_EMIT_LOC_STRINGS = YES;
				SWIFT_VERSION = 5.0;
				TARGETED_DEVICE_FAMILY = "1,2";
			};
			name = Debug;
		};
		D481F9E12B65029300E93ACC /* Release */ = {
			isa = XCBuildConfiguration;
			buildSettings = {
				ASSETCATALOG_COMPILER_APPICON_NAME = AppIcon;
				ASSETCATALOG_COMPILER_GLOBAL_ACCENT_COLOR_NAME = AccentColor;
				CODE_SIGN_STYLE = Automatic;
				CURRENT_PROJECT_VERSION = 1;
				DEVELOPMENT_ASSET_PATHS = "\"MainView/Preview Content\"";
				DEVELOPMENT_TEAM = LPY59J6YN4;
				ENABLE_PREVIEWS = YES;
				GENERATE_INFOPLIST_FILE = YES;
				INFOPLIST_KEY_UIApplicationSceneManifest_Generation = YES;
				INFOPLIST_KEY_UIApplicationSupportsIndirectInputEvents = YES;
				INFOPLIST_KEY_UILaunchScreen_Generation = YES;
				INFOPLIST_KEY_UISupportedInterfaceOrientations_iPad = "UIInterfaceOrientationPortrait UIInterfaceOrientationPortraitUpsideDown UIInterfaceOrientationLandscapeLeft UIInterfaceOrientationLandscapeRight";
				INFOPLIST_KEY_UISupportedInterfaceOrientations_iPhone = "UIInterfaceOrientationPortrait UIInterfaceOrientationLandscapeLeft UIInterfaceOrientationLandscapeRight";
				LD_RUNPATH_SEARCH_PATHS = (
					"$(inherited)",
					"@executable_path/Frameworks",
				);
				MARKETING_VERSION = 1.0;
				PRODUCT_BUNDLE_IDENTIFIER = eyh.com.TaskManagerAppTest.MainView;
				PRODUCT_NAME = "$(TARGET_NAME)";
				SWIFT_EMIT_LOC_STRINGS = YES;
				SWIFT_VERSION = 5.0;
				TARGETED_DEVICE_FAMILY = "1,2";
			};
			name = Release;
		};
		D481F9E32B65029300E93ACC /* Debug */ = {
			isa = XCBuildConfiguration;
			buildSettings = {
				ALWAYS_EMBED_SWIFT_STANDARD_LIBRARIES = YES;
				BUNDLE_LOADER = "$(TEST_HOST)";
				CODE_SIGN_STYLE = Automatic;
				CURRENT_PROJECT_VERSION = 1;
				DEVELOPMENT_TEAM = LPY59J6YN4;
				GENERATE_INFOPLIST_FILE = YES;
				IPHONEOS_DEPLOYMENT_TARGET = 17.2;
				MARKETING_VERSION = 1.0;
				PRODUCT_BUNDLE_IDENTIFIER = eyh.com.TaskManagerAppTest.MainViewTests;
				PRODUCT_NAME = "$(TARGET_NAME)";
				SWIFT_EMIT_LOC_STRINGS = NO;
				SWIFT_VERSION = 5.0;
				TARGETED_DEVICE_FAMILY = "1,2";
				TEST_HOST = "$(BUILT_PRODUCTS_DIR)/MainView.app/$(BUNDLE_EXECUTABLE_FOLDER_PATH)/MainView";
			};
			name = Debug;
		};
		D481F9E42B65029300E93ACC /* Release */ = {
			isa = XCBuildConfiguration;
			buildSettings = {
				ALWAYS_EMBED_SWIFT_STANDARD_LIBRARIES = YES;
				BUNDLE_LOADER = "$(TEST_HOST)";
				CODE_SIGN_STYLE = Automatic;
				CURRENT_PROJECT_VERSION = 1;
				DEVELOPMENT_TEAM = LPY59J6YN4;
				GENERATE_INFOPLIST_FILE = YES;
				IPHONEOS_DEPLOYMENT_TARGET = 17.2;
				MARKETING_VERSION = 1.0;
				PRODUCT_BUNDLE_IDENTIFIER = eyh.com.TaskManagerAppTest.MainViewTests;
				PRODUCT_NAME = "$(TARGET_NAME)";
				SWIFT_EMIT_LOC_STRINGS = NO;
				SWIFT_VERSION = 5.0;
				TARGETED_DEVICE_FAMILY = "1,2";
				TEST_HOST = "$(BUILT_PRODUCTS_DIR)/MainView.app/$(BUNDLE_EXECUTABLE_FOLDER_PATH)/MainView";
			};
			name = Release;
		};
		D481F9E62B65029300E93ACC /* Debug */ = {
			isa = XCBuildConfiguration;
			buildSettings = {
				ALWAYS_EMBED_SWIFT_STANDARD_LIBRARIES = YES;
				CODE_SIGN_STYLE = Automatic;
				CURRENT_PROJECT_VERSION = 1;
				DEVELOPMENT_TEAM = LPY59J6YN4;
				GENERATE_INFOPLIST_FILE = YES;
				MARKETING_VERSION = 1.0;
				PRODUCT_BUNDLE_IDENTIFIER = eyh.com.TaskManagerAppTest.MainViewUITests;
				PRODUCT_NAME = "$(TARGET_NAME)";
				SWIFT_EMIT_LOC_STRINGS = NO;
				SWIFT_VERSION = 5.0;
				TARGETED_DEVICE_FAMILY = "1,2";
				TEST_TARGET_NAME = MainView;
			};
			name = Debug;
		};
		D481F9E72B65029300E93ACC /* Release */ = {
			isa = XCBuildConfiguration;
			buildSettings = {
				ALWAYS_EMBED_SWIFT_STANDARD_LIBRARIES = YES;
				CODE_SIGN_STYLE = Automatic;
				CURRENT_PROJECT_VERSION = 1;
				DEVELOPMENT_TEAM = LPY59J6YN4;
				GENERATE_INFOPLIST_FILE = YES;
				MARKETING_VERSION = 1.0;
				PRODUCT_BUNDLE_IDENTIFIER = eyh.com.TaskManagerAppTest.MainViewUITests;
				PRODUCT_NAME = "$(TARGET_NAME)";
				SWIFT_EMIT_LOC_STRINGS = NO;
				SWIFT_VERSION = 5.0;
				TARGETED_DEVICE_FAMILY = "1,2";
				TEST_TARGET_NAME = MainView;
			};
			name = Release;
		};
/* End XCBuildConfiguration section */

/* Begin XCConfigurationList section */
		D481F9B62B65029100E93ACC /* Build configuration list for PBXProject "MainView" */ = {
			isa = XCConfigurationList;
			buildConfigurations = (
				D481F9DD2B65029300E93ACC /* Debug */,
				D481F9DE2B65029300E93ACC /* Release */,
			);
			defaultConfigurationIsVisible = 0;
			defaultConfigurationName = Release;
		};
		D481F9DF2B65029300E93ACC /* Build configuration list for PBXNativeTarget "MainView" */ = {
			isa = XCConfigurationList;
			buildConfigurations = (
				D481F9E02B65029300E93ACC /* Debug */,
				D481F9E12B65029300E93ACC /* Release */,
			);
			defaultConfigurationIsVisible = 0;
			defaultConfigurationName = Release;
		};
		D481F9E22B65029300E93ACC /* Build configuration list for PBXNativeTarget "MainViewTests" */ = {
			isa = XCConfigurationList;
			buildConfigurations = (
				D481F9E32B65029300E93ACC /* Debug */,
				D481F9E42B65029300E93ACC /* Release */,
			);
			defaultConfigurationIsVisible = 0;
			defaultConfigurationName = Release;
		};
		D481F9E52B65029300E93ACC /* Build configuration list for PBXNativeTarget "MainViewUITests" */ = {
			isa = XCConfigurationList;
			buildConfigurations = (
				D481F9E62B65029300E93ACC /* Debug */,
				D481F9E72B65029300E93ACC /* Release */,
			);
			defaultConfigurationIsVisible = 0;
			defaultConfigurationName = Release;
		};
/* End XCConfigurationList section */
	};
	rootObject = D481F9B32B65029100E93ACC /* Project object */;
}
